
Microsoft Visual Studio Solution File, Format Version 12.00
# Visual Studio Version 17
VisualStudioVersion = 17.3.32929.385
MinimumVisualStudioVersion = 10.0.40219.1
Project("{FAE04EC0-301F-11D3-BF4B-00C04F79EFBC}") = "LINQKombinatorika", "LINQKombinatorika\LINQKombinatorika.csproj", "{ED47DB50-4542-4CB6-9EFE-9B2B77AD34F3}"
EndProject
Global
	GlobalSection(SolutionConfigurationPlatforms) = preSolution
		Debug|Any CPU = Debug|Any CPU
		Release|Any CPU = Release|Any CPU
	EndGlobalSection
	GlobalSection(ProjectConfigurationPlatforms) = postSolution
		{ED47DB50-4542-4CB6-9EFE-9B2B77AD34F3}.Debug|Any CPU.ActiveCfg = Debug|Any CPU
		{ED47DB50-4542-4CB6-9EFE-9B2B77AD34F3}.Debug|Any CPU.Build.0 = Debug|Any CPU
		{ED47DB50-4542-4CB6-9EFE-9B2B77AD34F3}.Release|Any CPU.ActiveCfg = Release|Any CPU
		{ED47DB50-4542-4CB6-9EFE-9B2B77AD34F3}.Release|Any CPU.Build.0 = Release|Any CPU
	EndGlobalSection
	GlobalSection(SolutionProperties) = preSolution
		HideSolutionNode = FALSE
	EndGlobalSection
	GlobalSection(ExtensibilityGlobals) = postSolution
		SolutionGuid = {FD0226BE-31AC-4E3D-A8ED-20BB0986D07B}
	EndGlobalSection
EndGlobal
